# This file is generated by running "yarn install" inside your project.
# Manual changes might be lost - proceed with caution!

__metadata:
  version: 8
  cacheKey: 10c0

"@emnapi/runtime@npm:^1.11.3":
  version: 1.11.3
  resolution: "@emnapi/runtime@npm:1.11.3"
  dependencies:
    tslib: "npm:^2.4.0"
  checksum: 10c0/a00f1020fefb9d4145c367f93a9fddb383a00da8ffd7871e20b19659890379b83aeecb9f84d7d0eda5456343f4a09eb05b0acb5153b0d3d889539dedb1ed87c3
  languageName: node
  linkType: hard

"@img/colour@npm:^1.1.0":
  version: 1.1.0
  resolution: "@img/colour@npm:1.1.0"
  checksum: 10c0/2ebea2c0bbaee73b99badcefa04e1e71d83f36e5369337d3121dca841f4569533c4e2faddda6d62dd247f0d5cca143711f9446c59bcce81e427ba433a7a94a17
  languageName: node
  linkType: hard

"@img/sharp-darwin-arm64@npm:0.35.4":
  version: 0.35.4
  resolution: "@img/sharp-darwin-arm64@npm:0.35.4"
  dependencies:
    "@img/sharp-libvips-darwin-arm64": "npm:1.3.3"
  dependenciesMeta:
    "@img/sharp-libvips-darwin-arm64":
      optional: true
  conditions: os=darwin & cpu=arm64
  languageName: node
  linkType: hard

"@img/sharp-darwin-x64@npm:0.35.4":
  version: 0.35.4
  resolution: "@img/sharp-darwin-x64@npm:0.35.4"
  dependencies:
    "@img/sharp-libvips-darwin-x64": "npm:1.3.3"
  dependenciesMeta:
    "@img/sharp-libvips-darwin-x64":
      optional: true
  conditions: os=darwin & cpu=x64
  languageName: node
  linkType: hard

"@img/sharp-freebsd-wasm32@npm:0.35.4":
  version: 0.35.4
  resolution: "@img/sharp-freebsd-wasm32@npm:0.35.4"
  dependencies:
    "@img/sharp-wasm32": "npm:0.35.4"
  conditions: os=freebsd
  languageName: node
  linkType: hard

"@img/sharp-libvips-darwin-arm64@npm:1.3.3":
  version: 1.3.3
  resolution: "@img/sharp-libvips-darwin-arm64@npm:1.3.3"
  conditions: os=darwin & cpu=arm64
  languageName: node
  linkType: hard

"@img/sharp-libvips-darwin-x64@npm:1.3.3":
  version: 1.3.3
  resolution: "@img/sharp-libvips-darwin-x64@npm:1.3.3"
  conditions: os=darwin & cpu=x64
  languageName: node
  linkType: hard

"@img/sharp-libvips-linux-arm64@npm:1.3.3":
  version: 1.3.3
  resolution: "@img/sharp-libvips-linux-arm64@npm:1.3.3"
  conditions: os=linux & cpu=arm64 & libc=glibc
  languageName: node
  linkType: hard

"@img/sharp-libvips-linux-arm@npm:1.3.3":
  version: 1.3.3
  resolution: "@img/sharp-libvips-linux-arm@npm:1.3.3"
  conditions: os=linux & cpu=arm & libc=glibc
  languageName: node
  linkType: hard

"@img/sharp-libvips-linux-ppc64@npm:1.3.3":
  version: 1.3.3
  resolution: "@img/sharp-libvips-linux-ppc64@npm:1.3.3"
  conditions: os=linux & cpu=ppc64 & libc=glibc
  languageName: node
  linkType: hard

"@img/sharp-libvips-linux-riscv64@npm:1.3.3":
  version: 1.3.3
  resolution: "@img/sharp-libvips-linux-riscv64@npm:1.3.3"
  conditions: os=linux & cpu=riscv64 & libc=glibc
  languageName: node
  linkType: hard

"@img/sharp-libvips-linux-s390x@npm:1.3.3":
  version: 1.3.3
  resolution: "@img/sharp-libvips-linux-s390x@npm:1.3.3"
  conditions: os=linux & cpu=s390x & libc=glibc
  languageName: node
  linkType: hard

"@img/sharp-libvips-linux-x64@npm:1.3.3":
  version: 1.3.3
  resolution: "@img/sharp-libvips-linux-x64@npm:1.3.3"
  conditions: os=linux & cpu=x64 & libc=glibc
  languageName: node
  linkType: hard

"@img/sharp-libvips-linuxmusl-arm64@npm:1.3.3":
  version: 1.3.3
  resolution: "@img/sharp-libvips-linuxmusl-arm64@npm:1.3.3"
  conditions: os=linux & cpu=arm64 & libc=musl
  languageName: node
  linkType: hard

"@img/sharp-libvips-linuxmusl-x64@npm:1.3.3":
  version: 1.3.3
  resolution: "@img/sharp-libvips-linuxmusl-x64@npm:1.3.3"
  conditions: os=linux & cpu=x64 & libc=musl
  languageName: node
  linkType: hard

"@img/sharp-linux-arm64@npm:0.35.4":
  version: 0.35.4
  resolution: "@img/sharp-linux-arm64@npm:0.35.4"
  dependencies:
    "@img/sharp-libvips-linux-arm64": "npm:1.3.3"
  dependenciesMeta:
    "@img/sharp-libvips-linux-arm64":
      optional: true
  conditions: os=linux & cpu=arm64 & libc=glibc
  languageName: node
  linkType: hard

"@img/sharp-linux-arm@npm:0.35.4":
  version: 0.35.4
  resolution: "@img/sharp-linux-arm@npm:0.35.4"
  dependencies:
    "@img/sharp-libvips-linux-arm": "npm:1.3.3"
  dependenciesMeta:
    "@img/sharp-libvips-linux-arm":
      optional: true
  conditions: os=linux & cpu=arm & libc=glibc
  languageName: node
  linkType: hard

"@img/sharp-linux-ppc64@npm:0.35.4":
  version: 0.35.4
  resolution: "@img/sharp-linux-ppc64@npm:0.35.4"
  dependencies:
    "@img/sharp-libvips-linux-ppc64": "npm:1.3.3"
  dependenciesMeta:
    "@img/sharp-libvips-linux-ppc64":
      optional: true
  conditions: os=linux & cpu=ppc64 & libc=glibc
  languageName: node
  linkType: hard

"@img/sharp-linux-riscv64@npm:0.35.4":
  version: 0.35.4
  resolution: "@img/sharp-linux-riscv64@npm:0.35.4"
  dependencies:
    "@img/sharp-libvips-linux-riscv64": "npm:1.3.3"
  dependenciesMeta:
    "@img/sharp-libvips-linux-riscv64":
      optional: true
  conditions: os=linux & cpu=riscv64 & libc=glibc
  languageName: node
  linkType: hard

"@img/sharp-linux-s390x@npm:0.35.4":
  version: 0.35.4
  resolution: "@img/sharp-linux-s390x@npm:0.35.4"
  dependencies:
    "@img/sharp-libvips-linux-s390x": "npm:1.3.3"
  dependenciesMeta:
    "@img/sharp-libvips-linux-s390x":
      optional: true
  conditions: os=linux & cpu=s390x & libc=glibc
  languageName: node
  linkType: hard

"@img/sharp-linux-x64@npm:0.35.4":
  version: 0.35.4
  resolution: "@img/sharp-linux-x64@npm:0.35.4"
  dependencies:
    "@img/sharp-libvips-linux-x64": "npm:1.3.3"
  dependenciesMeta:
    "@img/sharp-libvips-linux-x64":
      optional: true
  conditions: os=linux & cpu=x64 & libc=glibc
  languageName: node
  linkType: hard

"@img/sharp-linuxmusl-arm64@npm:0.35.4":
  version: 0.35.4
  resolution: "@img/sharp-linuxmusl-arm64@npm:0.35.4"
  dependencies:
    "@img/sharp-libvips-linuxmusl-arm64": "npm:1.3.3"
  dependenciesMeta:
    "@img/sharp-libvips-linuxmusl-arm64":
      optional: true
  conditions: os=linux & cpu=arm64 & libc=musl
  languageName: node
  linkType: hard

"@img/sharp-linuxmusl-x64@npm:0.35.4":
  version: 0.35.4
  resolution: "@img/sharp-linuxmusl-x64@npm:0.35.4"
  dependencies:
    "@img/sharp-libvips-linuxmusl-x64": "npm:1.3.3"
  dependenciesMeta:
    "@img/sharp-libvips-linuxmusl-x64":
      optional: true
  conditions: os=linux & cpu=x64 & libc=musl
  languageName: node
  linkType: hard

"@img/sharp-wasm32@npm:0.35.4":
  version: 0.35.4
  resolution: "@img/sharp-wasm32@npm:0.35.4"
  dependencies:
    "@emnapi/runtime": "npm:^1.11.3"
  checksum: 10c0/7f5e394f168eb2f038b8ae4949fb5434085d1db931ede2ae1389479d7a1dbe11e2fc9d58e8e9830bff744ba996256c9e411be1d466dfcbf6e1f4d153b84f25ff
  languageName: node
  linkType: hard

"@img/sharp-webcontainers-wasm32@npm:0.35.4":
  version: 0.35.4
  resolution: "@img/sharp-webcontainers-wasm32@npm:0.35.4"
  dependencies:
    "@img/sharp-wasm32": "npm:0.35.4"
  conditions: cpu=wasm32
  languageName: node
  linkType: hard

"@img/sharp-win32-arm64@npm:0.35.4":
  version: 0.35.4
  resolution: "@img/sharp-win32-arm64@npm:0.35.4"
  conditions: os=win32 & cpu=arm64
  languageName: node
  linkType: hard

"@img/sharp-win32-ia32@npm:0.35.4":
  version: 0.35.4
  resolution: "@img/sharp-win32-ia32@npm:0.35.4"
  conditions: os=win32 & cpu=ia32
  languageName: node
  linkType: hard

"@img/sharp-win32-x64@npm:0.35.4":
  version: 0.35.4
  resolution: "@img/sharp-win32-x64@npm:0.35.4"
  conditions: os=win32 & cpu=x64
  languageName: node
  linkType: hard

"@next/env@npm:15.5.24":
  version: 15.5.24
  resolution: "@next/env@npm:15.5.24"
  checksum: 10c0/5a0d1cfaf078459be6a380ef764ea937d06ba60b8caec6dcb53882d48de88fba942b34d818256b9de6546adae923e76586bd765393c65cc984c0278661673637
  languageName: node
  linkType: hard

"@next/swc-darwin-arm64@npm:15.5.24":
  version: 15.5.24
  resolution: "@next/swc-darwin-arm64@npm:15.5.24"
  conditions: os=darwin & cpu=arm64
  languageName: node
  linkType: hard

"@next/swc-darwin-x64@npm:15.5.24":
  version: 15.5.24
  resolution: "@next/swc-darwin-x64@npm:15.5.24"
  conditions: os=darwin & cpu=x64
  languageName: node
  linkType: hard

"@next/swc-linux-arm64-gnu@npm:15.5.24":
  version: 15.5.24
  resolution: "@next/swc-linux-arm64-gnu@npm:15.5.24"
  conditions: os=linux & cpu=arm64 & libc=glibc
  languageName: node
  linkType: hard

"@next/swc-linux-arm64-musl@npm:15.5.24":
  version: 15.5.24
  resolution: "@next/swc-linux-arm64-musl@npm:15.5.24"
  conditions: os=linux & cpu=arm64 & libc=musl
  languageName: node
  linkType: hard

"@next/swc-linux-x64-gnu@npm:15.5.24":
  version: 15.5.24
  resolution: "@next/swc-linux-x64-gnu@npm:15.5.24"
  conditions: os=linux & cpu=x64 & libc=glibc
  languageName: node
  linkType: hard

"@next/swc-linux-x64-musl@npm:15.5.24":
  version: 15.5.24
  resolution: "@next/swc-linux-x64-musl@npm:15.5.24"
  conditions: os=linux & cpu=x64 & libc=musl
  languageName: node
  linkType: hard

"@next/swc-win32-arm64-msvc@npm:15.5.24":
  version: 15.5.24
  resolution: "@next/swc-win32-arm64-msvc@npm:15.5.24"
  conditions: os=win32 & cpu=arm64
  languageName: node
  linkType: hard

"@next/swc-win32-x64-msvc@npm:15.5.24":
  version: 15.5.24
  resolution: "@next/swc-win32-x64-msvc@npm:15.5.24"
  conditions: os=win32 & cpu=x64
  languageName: node
  linkType: hard

"@radix-ui/primitive@npm:1.1.7":
  version: 1.1.7
  resolution: "@radix-ui/primitive@npm:1.1.7"
  checksum: 10c0/6b1f8b964a57ece3490582d60df79a1c80fdba4c4331b806c4e04b11f42ac46d40a927bfc692dbd881136ec38c3f060c525dbacd6182ba6f3f0bd4284db1028e
  languageName: node
  linkType: hard

"@radix-ui/react-collection@npm:1.1.15":
  version: 1.1.15
  resolution: "@radix-ui/react-collection@npm:1.1.15"
  dependencies:
    "@radix-ui/react-compose-refs": "npm:1.1.5"
    "@radix-ui/react-context": "npm:1.2.2"
    "@radix-ui/react-primitive": "npm:2.1.10"
    "@radix-ui/react-slot": "npm:1.3.3"
  peerDependencies:
    "@types/react": "*"
    "@types/react-dom": "*"
    react: ^16.8 || ^17.0 || ^18.0 || ^19.0 || ^19.0.0-rc
    react-dom: ^16.8 || ^17.0 || ^18.0 || ^19.0 || ^19.0.0-rc
  peerDependenciesMeta:
    "@types/react":
      optional: true
    "@types/react-dom":
      optional: true
  checksum: 10c0/9f9d3f6290026fd383503ebc260d698d59287016e90a3bd5aa4a9696b8cab733b207e5558ddffa3bb877c68f8658c4a3a52fb9314c7cbc83a4b6349808c5bf4c
  languageName: node
  linkType: hard

"@radix-ui/react-compose-refs@npm:1.1.5":
  version: 1.1.5
  resolution: "@radix-ui/react-compose-refs@npm:1.1.5"
  peerDependencies:
    "@types/react": "*"
    react: ^16.8 || ^17.0 || ^18.0 || ^19.0 || ^19.0.0-rc
  peerDependenciesMeta:
    "@types/react":
      optional: true
  checksum: 10c0/ab5cc8cc2f5be285981cffb64aa956d3a28427c649a953d125e900e1befb8b9a55f2d7a31bc01059d29df43ff4ae14ebc6cca7e4c2084d638cef5e5aef7cc263
  languageName: node
  linkType: hard

"@radix-ui/react-context@npm:1.2.2":
  version: 1.2.2
  resolution: "@radix-ui/react-context@npm:1.2.2"
  peerDependencies:
    "@types/react": "*"
    react: ^16.8 || ^17.0 || ^18.0 || ^19.0 || ^19.0.0-rc
  peerDependenciesMeta:
    "@types/react":
      optional: true
  checksum: 10c0/f5c15339558d64901c99f243a2538be9b28eb20e0dae1e44c8872ed12580ec27f5f309fd491f85f1b0dcb214c90fdae7eede7fe2b0d26569c4dbeffbeff451c0
  languageName: node
  linkType: hard

"@radix-ui/react-dialog@npm:^1.1.4":
  version: 1.1.23
  resolution: "@radix-ui/react-dialog@npm:1.1.23"
  dependencies:
    "@radix-ui/primitive": "npm:1.1.7"
    "@radix-ui/react-compose-refs": "npm:1.1.5"
    "@radix-ui/react-context": "npm:1.2.2"
    "@radix-ui/react-dismissable-layer": "npm:1.1.19"
    "@radix-ui/react-focus-guards": "npm:1.1.6"
    "@radix-ui/react-focus-scope": "npm:1.1.16"
    "@radix-ui/react-id": "npm:1.1.4"
    "@radix-ui/react-portal": "npm:1.1.17"
    "@radix-ui/react-presence": "npm:1.1.10"
    "@radix-ui/react-primitive": "npm:2.1.10"
    "@radix-ui/react-slot": "npm:1.3.3"
    "@radix-ui/react-use-controllable-state": "npm:1.2.6"
    "@radix-ui/react-use-layout-effect": "npm:1.1.4"
    aria-hidden: "npm:^1.2.4"
    react-remove-scroll: "npm:^2.7.2"
  peerDependencies:
    "@types/react": "*"
    "@types/react-dom": "*"
    react: ^16.8 || ^17.0 || ^18.0 || ^19.0 || ^19.0.0-rc
    react-dom: ^16.8 || ^17.0 || ^18.0 || ^19.0 || ^19.0.0-rc
  peerDependenciesMeta:
    "@types/react":
      optional: true
    "@types/react-dom":
      optional: true
  checksum: 10c0/647e2b3a05826ddab72c68d04b842de47594f8b9c78131ef64a8f94b6e04e311abbe6c2919d645941e2646d8fd5f1d4e9ae9ce65c6492237e180a1d005eddc23
  languageName: node
  linkType: hard

"@radix-ui/react-direction@npm:1.1.4":
  version: 1.1.4
  resolution: "@radix-ui/react-direction@npm:1.1.4"
  peerDependencies:
    "@types/react": "*"
    react: ^16.8 || ^17.0 || ^18.0 || ^19.0 || ^19.0.0-rc
  peerDependenciesMeta:
    "@types/react":
      optional: true
  checksum: 10c0/505e6e45b53f2b6a98c82895e1fe0b04c048bf70dbcabe2e3a4bbc05e3cf4759a5e7d9865360eac78da5c56ed3fdd82efce1511179f397525d14de614181de61
  languageName: node
  linkType: hard

"@radix-ui/react-dismissable-layer@npm:1.1.19":
  version: 1.1.19
  resolution: "@radix-ui/react-dismissable-layer@npm:1.1.19"
  dependencies:
    "@radix-ui/primitive": "npm:1.1.7"
    "@radix-ui/react-compose-refs": "npm:1.1.5"
    "@radix-ui/react-primitive": "npm:2.1.10"
    "@radix-ui/react-use-callback-ref": "npm:1.1.4"
    "@radix-ui/react-use-effect-event": "npm:0.0.5"
  peerDependencies:
    "@types/react": "*"
    "@types/react-dom": "*"
    react: ^16.8 || ^17.0 || ^18.0 || ^19.0 || ^19.0.0-rc
    react-dom: ^16.8 || ^17.0 || ^18.0 || ^19.0 || ^19.0.0-rc
  peerDependenciesMeta:
    "@types/react":
      optional: true
    "@types/react-dom":
      optional: true
  checksum: 10c0/205f2fded4a9e303fcc0d67b78274db84d37d0d35177bb99602c72202a6dcadc39f4cbf936a09e1303b4b42a2b494a279ead9e626cb1a41015152a91ad069fc5
  languageName: node
  linkType: hard

"@radix-ui/react-focus-guards@npm:1.1.6":
  version: 1.1.6
  resolution: "@radix-ui/react-focus-guards@npm:1.1.6"
  peerDependencies:
    "@types/react": "*"
    react: ^16.8 || ^17.0 || ^18.0 || ^19.0 || ^19.0.0-rc
  peerDependenciesMeta:
    "@types/react":
      optional: true
  checksum: 10c0/5579dfe369f254183a010964e6df8b74c7b36e50189aef18c92538d0196785d68869e3170af77005276f393cd112b7711d5c7cb9e7ec2ca1e0b4794157447978
  languageName: node
  linkType: hard

"@radix-ui/react-focus-scope@npm:1.1.16":
  version: 1.1.16
  resolution: "@radix-ui/react-focus-scope@npm:1.1.16"
  dependencies:
    "@radix-ui/react-compose-refs": "npm:1.1.5"
    "@radix-ui/react-primitive": "npm:2.1.10"
    "@radix-ui/react-use-callback-ref": "npm:1.1.4"
  peerDependencies:
    "@types/react": "*"
    "@types/react-dom": "*"
    react: ^16.8 || ^17.0 || ^18.0 || ^19.0 || ^19.0.0-rc
    react-dom: ^16.8 || ^17.0 || ^18.0 || ^19.0 || ^19.0.0-rc
  peerDependenciesMeta:
    "@types/react":
      optional: true
    "@types/react-dom":
      optional: true
  checksum: 10c0/2c86dafac81a73295f81834ff85c4af4456671f7d26631cb800837b284318d181c5de043cac2e17bedd6e8a009e3de907ef9435ea9ec5a94518cbaf656368550
  languageName: node
  linkType: hard

"@radix-ui/react-id@npm:1.1.4":
  version: 1.1.4
  resolution: "@radix-ui/react-id@npm:1.1.4"
  dependencies:
    "@radix-ui/react-use-layout-effect": "npm:1.1.4"
  peerDependencies:
    "@types/react": "*"
    react: ^16.8 || ^17.0 || ^18.0 || ^19.0 || ^19.0.0-rc
  peerDependenciesMeta:
    "@types/react":
      optional: true
  checksum: 10c0/7afa00d12d7f52b5067034108eb7d5551928f9d52875589f858ea1d5117cac3684f8ea291d4f09a88b9499bc4bb6e3279e4a9073d7c8feb15a855d28656b53a4
  languageName: node
  linkType: hard

"@radix-ui/react-portal@npm:1.1.17":
  version: 1.1.17
  resolution: "@radix-ui/react-portal@npm:1.1.17"
  dependencies:
    "@radix-ui/react-primitive": "npm:2.1.10"
    "@radix-ui/react-use-layout-effect": "npm:1.1.4"
  peerDependencies:
    "@types/react": "*"
    "@types/react-dom": "*"
    react: ^16.8 || ^17.0 || ^18.0 || ^19.0 || ^19.0.0-rc
    react-dom: ^16.8 || ^17.0 || ^18.0 || ^19.0 || ^19.0.0-rc
  peerDependenciesMeta:
    "@types/react":
      optional: true
    "@types/react-dom":
      optional: true
  checksum: 10c0/f3358ef906582ee8dd8ae62db1f1c1e9810e0554ff8e1a887c731fb35d3b673791e9d338cab884f3eddd74e24afd8e21679b1cc24fd035c68ad71dd09ed71bae
  languageName: node
  linkType: hard

"@radix-ui/react-presence@npm:1.1.10":
  version: 1.1.10
  resolution: "@radix-ui/react-presence@npm:1.1.10"
  dependencies:
    "@radix-ui/react-use-layout-effect": "npm:1.1.4"
  peerDependencies:
    "@types/react": "*"
    "@types/react-dom": "*"
    react: ^16.8 || ^17.0 || ^18.0 || ^19.0 || ^19.0.0-rc
    react-dom: ^16.8 || ^17.0 || ^18.0 || ^19.0 || ^19.0.0-rc
  peerDependenciesMeta:
    "@types/react":
      optional: true
    "@types/react-dom":
      optional: true
  checksum: 10c0/5ef8048ea02ecfd11284e229efa33f75074189788b68edb9fe38140cbc56cc40ee77f017f34e3c3d3a5dbc1fb12b5a18d5a9ef2a84ef966a1d90502be5a84617
  languageName: node
  linkType: hard

"@radix-ui/react-primitive@npm:2.1.10":
  version: 2.1.10
  resolution: "@radix-ui/react-primitive@npm:2.1.10"
  dependencies:
    "@radix-ui/react-slot": "npm:1.3.3"
  peerDependencies:
    "@types/react": "*"
    "@types/react-dom": "*"
    react: ^16.8 || ^17.0 || ^18.0 || ^19.0 || ^19.0.0-rc
    react-dom: ^16.8 || ^17.0 || ^18.0 || ^19.0 || ^19.0.0-rc
  peerDependenciesMeta:
    "@types/react":
      optional: true
    "@types/react-dom":
      optional: true
  checksum: 10c0/3be05e842d20a5eb08cebbc1d4d08f24a4c09af8cb864e1d1dddf27f362b739ce0edc1c9fc188a7c734cecd8f5df21e379c15774230f4ab11ce2a8229d3598da
  languageName: node
  linkType: hard

"@radix-ui/react-roving-focus@npm:1.1.19":
  version: 1.1.19
  resolution: "@radix-ui/react-roving-focus@npm:1.1.19"
  dependencies:
    "@radix-ui/primitive": "npm:1.1.7"
    "@radix-ui/react-collection": "npm:1.1.15"
    "@radix-ui/react-compose-refs": "npm:1.1.5"
    "@radix-ui/react-context": "npm:1.2.2"
    "@radix-ui/react-direction": "npm:1.1.4"
    "@radix-ui/react-id": "npm:1.1.4"
    "@radix-ui/react-primitive": "npm:2.1.10"
    "@radix-ui/react-use-callback-ref": "npm:1.1.4"
    "@radix-ui/react-use-controllable-state": "npm:1.2.6"
    "@radix-ui/react-use-is-hydrated": "npm:0.1.3"
    "@radix-ui/react-use-layout-effect": "npm:1.1.4"
  peerDependencies:
    "@types/react": "*"
    "@types/react-dom": "*"
    react: ^16.8 || ^17.0 || ^18.0 || ^19.0 || ^19.0.0-rc
    react-dom: ^16.8 || ^17.0 || ^18.0 || ^19.0 || ^19.0.0-rc
  peerDependenciesMeta:
    "@types/react":
      optional: true
    "@types/react-dom":
      optional: true
  checksum: 10c0/b11083f923635d4cddd5a45c5145e8684ac8311b7a9e3970cb60a0a4f5c1ab692b502a732f02f716560e1308c2d5e9b6925fe8a9479d7aadfe0f6156809eeafb
  languageName: node
  linkType: hard

"@radix-ui/react-slot@npm:1.3.3":
  version: 1.3.3
  resolution: "@radix-ui/react-slot@npm:1.3.3"
  dependencies:
    "@radix-ui/react-compose-refs": "npm:1.1.5"
  peerDependencies:
    "@types/react": "*"
    react: ^16.8 || ^17.0 || ^18.0 || ^19.0 || ^19.0.0-rc
  peerDependenciesMeta:
    "@types/react":
      optional: true
  checksum: 10c0/7ed356819bbb40415ccd16bc8a8da3162966e827ea8fa404c2ae547518777aa193b0aad07f139f3c9d3280f51433e1cc4fa4cfd8dc7e8e6215e7b0d7a25e4b39
  languageName: node
  linkType: hard

"@radix-ui/react-toggle-group@npm:^1.1.1":
  version: 1.1.19
  resolution: "@radix-ui/react-toggle-group@npm:1.1.19"
  dependencies:
    "@radix-ui/primitive": "npm:1.1.7"
    "@radix-ui/react-context": "npm:1.2.2"
    "@radix-ui/react-direction": "npm:1.1.4"
    "@radix-ui/react-primitive": "npm:2.1.10"
    "@radix-ui/react-roving-focus": "npm:1.1.19"
    "@radix-ui/react-toggle": "npm:1.1.18"
    "@radix-ui/react-use-controllable-state": "npm:1.2.6"
  peerDependencies:
    "@types/react": "*"
    "@types/react-dom": "*"
    react: ^16.8 || ^17.0 || ^18.0 || ^19.0 || ^19.0.0-rc
    react-dom: ^16.8 || ^17.0 || ^18.0 || ^19.0 || ^19.0.0-rc
  peerDependenciesMeta:
    "@types/react":
      optional: true
    "@types/react-dom":
      optional: true
  checksum: 10c0/156a3f3aad5eae35f31d4631c92bdd5bd663b34c5cce3aaa184166aaa67d73960dc6a04f6bb2242ae2453d8dd088a89799861f57174a815b36174e75c2c916e5
  languageName: node
  linkType: hard

"@radix-ui/react-toggle@npm:1.1.18":
  version: 1.1.18
  resolution: "@radix-ui/react-toggle@npm:1.1.18"
  dependencies:
    "@radix-ui/primitive": "npm:1.1.7"
    "@radix-ui/react-primitive": "npm:2.1.10"
    "@radix-ui/react-use-controllable-state": "npm:1.2.6"
  peerDependencies:
    "@types/react": "*"
    "@types/react-dom": "*"
    react: ^16.8 || ^17.0 || ^18.0 || ^19.0 || ^19.0.0-rc
    react-dom: ^16.8 || ^17.0 || ^18.0 || ^19.0 || ^19.0.0-rc
  peerDependenciesMeta:
    "@types/react":
      optional: true
    "@types/react-dom":
      optional: true
  checksum: 10c0/9afd26c680271841ccc071bb1dfdf0fc2027d3d110dc501306826c3807bb3d8ed708772ea9fbcf713a7f9d186975062a370559e29af40f1ed29e3a49119077c0
  languageName: node
  linkType: hard

"@radix-ui/react-use-callback-ref@npm:1.1.4":
  version: 1.1.4
  resolution: "@radix-ui/react-use-callback-ref@npm:1.1.4"
  peerDependencies:
    "@types/react": "*"
    react: ^16.8 || ^17.0 || ^18.0 || ^19.0 || ^19.0.0-rc
  peerDependenciesMeta:
    "@types/react":
      optional: true
  checksum: 10c0/d5cc1248ab6a58b12eefd3115c98fb438b74b2e6dec463d2e097d27df8e9f40b9d8693ee10a422da4f7a688fbe52c62cc2fe3aa5972020b9425b86a2a28f5f01
  languageName: node
  linkType: hard

"@radix-ui/react-use-controllable-state@npm:1.2.6":
  version: 1.2.6
  resolution: "@radix-ui/react-use-controllable-state@npm:1.2.6"
  dependencies:
    "@radix-ui/primitive": "npm:1.1.7"
    "@radix-ui/react-use-effect-event": "npm:0.0.5"
    "@radix-ui/react-use-layout-effect": "npm:1.1.4"
  peerDependencies:
    "@types/react": "*"
    react: ^16.8 || ^17.0 || ^18.0 || ^19.0 || ^19.0.0-rc
  peerDependenciesMeta:
    "@types/react":
      optional: true
  checksum: 10c0/1672c3fa5c1f2dbc354db4d403523eef15bcbe24448b911e67e3e95f351b72ffc1dc1021a225d98116cd78d1c96e6280f1645ac6d6b9930df46b180b8a6f11a5
  languageName: node
  linkType: hard

"@radix-ui/react-use-effect-event@npm:0.0.5":
  version: 0.0.5
  resolution: "@radix-ui/react-use-effect-event@npm:0.0.5"
  dependencies:
    "@radix-ui/react-use-layout-effect": "npm:1.1.4"
  peerDependencies:
    "@types/react": "*"
    react: ^16.8 || ^17.0 || ^18.0 || ^19.0 || ^19.0.0-rc
  peerDependenciesMeta:
    "@types/react":
      optional: true
  checksum: 10c0/36eb3523d3c30e88615e0492aed5c644e61eb4fec98097de0fb2ee1cf33d7684b76e8a34bedb0aa7c25b412e0ef56c83b16772e9716d03d61901bc1b98cb1993
  languageName: node
  linkType: hard

"@radix-ui/react-use-is-hydrated@npm:0.1.3":
  version: 0.1.3
  resolution: "@radix-ui/react-use-is-hydrated@npm:0.1.3"
  peerDependencies:
    "@types/react": "*"
    react: ^16.8 || ^17.0 || ^18.0 || ^19.0 || ^19.0.0-rc
  peerDependenciesMeta:
    "@types/react":
      optional: true
  checksum: 10c0/ec5d8cd7dcb825d23c9e622cb78605242ae6ae5744549f4713fd543a2a2003c356031bac3bd8db353579e6cd9f71798b59915f54de7b78b442e847024f2a5ff9
  languageName: node
  linkType: hard

"@radix-ui/react-use-layout-effect@npm:1.1.4":
  version: 1.1.4
  resolution: "@radix-ui/react-use-layout-effect@npm:1.1.4"
  peerDependencies:
    "@types/react": "*"
    react: ^16.8 || ^17.0 || ^18.0 || ^19.0 || ^19.0.0-rc
  peerDependenciesMeta:
    "@types/react":
      optional: true
  checksum: 10c0/427df10bb3c55de36afd6b9a749fb4b72b0f78840ae4abb5dda24aa09d653ede2d264c96a8030f58db353498f42b2bce929510c777004e250f7845b06c782bcf
  languageName: node
  linkType: hard

"@radix-ui/react-visually-hidden@npm:^1.1.1":
  version: 1.2.11
  resolution: "@radix-ui/react-visually-hidden@npm:1.2.11"
  dependencies:
    "@radix-ui/react-primitive": "npm:2.1.10"
  peerDependencies:
    "@types/react": "*"
    "@types/react-dom": "*"
    react: ^16.8 || ^17.0 || ^18.0 || ^19.0 || ^19.0.0-rc
    react-dom: ^16.8 || ^17.0 || ^18.0 || ^19.0 || ^19.0.0-rc
  peerDependenciesMeta:
    "@types/react":
      optional: true
    "@types/react-dom":
      optional: true
  checksum: 10c0/053fe28a279d37ad826970ffcaf93bdf029831e7aba8f34e0cdeecbd45a360b56c2f548b49e8a6bcbf484ceb3389bee2642dece754e59d63c14fb36c1a36a1a4
  languageName: node
  linkType: hard

"@swc/helpers@npm:0.5.15":
  version: 0.5.15
  resolution: "@swc/helpers@npm:0.5.15"
  dependencies:
    tslib: "npm:^2.8.0"
  checksum: 10c0/33002f74f6f885f04c132960835fdfc474186983ea567606db62e86acd0680ca82f34647e8e610f4e1e422d1c16fce729dde22cd3b797ab1fd9061a825dabca4
  languageName: node
  linkType: hard

"@types/node@npm:^22.10.0":
  version: 22.20.1
  resolution: "@types/node@npm:22.20.1"
  dependencies:
    undici-types: "npm:~6.21.0"
  checksum: 10c0/f2ba54d3d1fb92e1c57c78d32c3a17655b1e87363b707136f55c422b4838d4054901ce5d27f75bb0e5ecb7ebfee3804e0987822d22b473473008091857a09353
  languageName: node
  linkType: hard

"@types/react-dom@npm:^19.0.0":
  version: 19.2.5
  resolution: "@types/react-dom@npm:19.2.5"
  peerDependencies:
    "@types/react": ^19.2.0
  checksum: 10c0/7a59467b043debf392d109daa1ba672e791f20ce6f24ae81fb54715f890f8119d24967e61e3644b6307428603b695b7d59e69eaf531bd1963a74a6cb462f5f49
  languageName: node
  linkType: hard

"@types/react@npm:^19.0.0":
  version: 19.2.18
  resolution: "@types/react@npm:19.2.18"
  dependencies:
    csstype: "npm:^3.2.2"
  checksum: 10c0/d04216172b4b4362b310017c210dfbe019fb4f4e7dffd0313e70b3acb3051d5c3e76e7e84e3cf4c6a3c824993ffadfe3949e589a6398a09d4200e7670e2962de
  languageName: node
  linkType: hard

"aria-hidden@npm:^1.2.4":
  version: 1.2.6
  resolution: "aria-hidden@npm:1.2.6"
  dependencies:
    tslib: "npm:^2.0.0"
  checksum: 10c0/7720cb539497a9f760f68f98a4b30f22c6767aa0e72fa7d58279f7c164e258fc38b2699828f8de881aab0fc8e9c56d1313a3f1a965046fc0381a554dbc72b54a
  languageName: node
  linkType: hard

"caniuse-lite@npm:^1.0.30001579":
  version: 1.0.30001810
  resolution: "caniuse-lite@npm:1.0.30001810"
  checksum: 10c0/d29bc73f33c888025d54c7ff2984372d3b350b15a6a9e174884fb40976175e9177f202e2a72c2d428dddfc032784bc8ba635a31d168fcab9fac65756d7b3d6b4
  languageName: node
  linkType: hard

"client-only@npm:0.0.1":
  version: 0.0.1
  resolution: "client-only@npm:0.0.1"
  checksum: 10c0/9d6cfd0c19e1c96a434605added99dff48482152af791ec4172fb912a71cff9027ff174efd8cdb2160cc7f377543e0537ffc462d4f279bc4701de3f2a3c4b358
  languageName: node
  linkType: hard

"csstype@npm:^3.2.2":
  version: 3.2.3
  resolution: "csstype@npm:3.2.3"
  checksum: 10c0/cd29c51e70fa822f1cecd8641a1445bed7063697469d35633b516e60fe8c1bde04b08f6c5b6022136bb669b64c63d4173af54864510fbb4ee23281801841a3ce
  languageName: node
  linkType: hard

"detect-libc@npm:^2.1.2":
  version: 2.1.2
  resolution: "detect-libc@npm:2.1.2"
  checksum: 10c0/acc675c29a5649fa1fb6e255f993b8ee829e510b6b56b0910666949c80c364738833417d0edb5f90e4e46be17228b0f2b66a010513984e18b15deeeac49369c4
  languageName: node
  linkType: hard

"detect-node-es@npm:^1.1.0":
  version: 1.1.0
  resolution: "detect-node-es@npm:1.1.0"
  checksum: 10c0/e562f00de23f10c27d7119e1af0e7388407eb4b06596a25f6d79a360094a109ff285de317f02b090faae093d314cf6e73ac3214f8a5bb3a0def5bece94557fbe
  languageName: node
  linkType: hard

"get-nonce@npm:^1.0.0":
  version: 1.0.1
  resolution: "get-nonce@npm:1.0.1"
  checksum: 10c0/2d7df55279060bf0568549e1ffc9b84bc32a32b7541675ca092dce56317cdd1a59a98dcc4072c9f6a980779440139a3221d7486f52c488e69dc0fd27b1efb162
  languageName: node
  linkType: hard

"kieran-co@workspace:.":
  version: 0.0.0-use.local
  resolution: "kieran-co@workspace:."
  dependencies:
    "@radix-ui/react-dialog": "npm:^1.1.4"
    "@radix-ui/react-toggle-group": "npm:^1.1.1"
    "@radix-ui/react-visually-hidden": "npm:^1.1.1"
    "@types/node": "npm:^22.10.0"
    "@types/react": "npm:^19.0.0"
    "@types/react-dom": "npm:^19.0.0"
    next: "npm:^15.1.0"
    react: "npm:^19.0.0"
    react-dom: "npm:^19.0.0"
    typescript: "npm:^5.7.0"
  languageName: unknown
  linkType: soft

"nanoid@npm:^3.3.17":
  version: 3.3.18
  resolution: "nanoid@npm:3.3.18"
  bin:
    nanoid: bin/nanoid.cjs
  checksum: 10c0/b994b4e396730f8be2520923284e2040d61eaee55cc6d4935ef6d38d34bafdc46133eda4d3faea5073bda545aa6079d82b886caeac5c731cf9ac18bcc1301425
  languageName: node
  linkType: hard

"next@npm:^15.1.0":
  version: 15.5.24
  resolution: "next@npm:15.5.24"
  dependencies:
    "@next/env": "npm:15.5.24"
    "@next/swc-darwin-arm64": "npm:15.5.24"
    "@next/swc-darwin-x64": "npm:15.5.24"
    "@next/swc-linux-arm64-gnu": "npm:15.5.24"
    "@next/swc-linux-arm64-musl": "npm:15.5.24"
    "@next/swc-linux-x64-gnu": "npm:15.5.24"
    "@next/swc-linux-x64-musl": "npm:15.5.24"
    "@next/swc-win32-arm64-msvc": "npm:15.5.24"
    "@next/swc-win32-x64-msvc": "npm:15.5.24"
    "@swc/helpers": "npm:0.5.15"
    caniuse-lite: "npm:^1.0.30001579"
    postcss: "npm:8.4.31"
    sharp: "npm:^0.34.3 || ^0.35.3"
    styled-jsx: "npm:5.1.6"
  peerDependencies:
    "@opentelemetry/api": ^1.1.0
    "@playwright/test": ^1.51.1
    babel-plugin-react-compiler: "*"
    react: ^18.2.0 || 19.0.0-rc-de68d2f4-20241204 || ^19.0.0
    react-dom: ^18.2.0 || 19.0.0-rc-de68d2f4-20241204 || ^19.0.0
    sass: ^1.3.0
  dependenciesMeta:
    "@next/swc-darwin-arm64":
      optional: true
    "@next/swc-darwin-x64":
      optional: true
    "@next/swc-linux-arm64-gnu":
      optional: true
    "@next/swc-linux-arm64-musl":
      optional: true
    "@next/swc-linux-x64-gnu":
      optional: true
    "@next/swc-linux-x64-musl":
      optional: true
    "@next/swc-win32-arm64-msvc":
      optional: true
    "@next/swc-win32-x64-msvc":
      optional: true
    sharp:
      optional: true
  peerDependenciesMeta:
    "@opentelemetry/api":
      optional: true
    "@playwright/test":
      optional: true
    babel-plugin-react-compiler:
      optional: true
    sass:
      optional: true
  bin:
    next: dist/bin/next
  checksum: 10c0/aa34e0e37988a4894bb364ecaa086c9cd87c430b796ac1f057c63cefc7bfde84337e206e01ebcb8e67f8d3aecee728dfc1144575c58f5237a1bd94a5f0501f6d
  languageName: node
  linkType: hard

"picocolors@npm:^1.1.1":
  version: 1.1.1
  resolution: "picocolors@npm:1.1.1"
  checksum: 10c0/e2e3e8170ab9d7c7421969adaa7e1b31434f789afb9b3f115f6b96d91945041ac3ceb02e9ec6fe6510ff036bcc0bf91e69a1772edc0b707e12b19c0f2d6bcf58
  languageName: node
  linkType: hard

"postcss@npm:^8.5.26":
  version: 8.5.26
  resolution: "postcss@npm:8.5.26"
  dependencies:
    nanoid: "npm:^3.3.17"
    picocolors: "npm:^1.1.1"
    source-map-js: "npm:^1.2.1"
  checksum: 10c0/2bdafc00d96bd57b6649a52e458864a4bf58ee56cfdbe4aea1472b5cccc127e6c1ad653bd0bec50d211e650eb0b9270c80e1e72aff2e2fa40d9e7363234d6e43
  languageName: node
  linkType: hard

"react-dom@npm:^19.0.0":
  version: 19.2.8
  resolution: "react-dom@npm:19.2.8"
  dependencies:
    scheduler: "npm:^0.27.0"
  peerDependencies:
    react: ^19.2.8
  checksum: 10c0/41ba2247b76f687fcfe5bbc99f514d6b851d8c8041c2f5ded36ed05bd7fdc5208cacbac9de51e3e6633e77f96f44cec9f0d4a5a55184dba4e00738f224439134
  languageName: node
  linkType: hard

"react-remove-scroll-bar@npm:^2.3.7":
  version: 2.3.8
  resolution: "react-remove-scroll-bar@npm:2.3.8"
  dependencies:
    react-style-singleton: "npm:^2.2.2"
    tslib: "npm:^2.0.0"
  peerDependencies:
    "@types/react": "*"
    react: ^16.8.0 || ^17.0.0 || ^18.0.0 || ^19.0.0
  peerDependenciesMeta:
    "@types/react":
      optional: true
  checksum: 10c0/9a0675c66cbb52c325bdbfaed80987a829c4504cefd8ff2dd3b6b3afc9a1500b8ec57b212e92c1fb654396d07bbe18830a8146fe77677d2a29ce40b5e1f78654
  languageName: node
  linkType: hard

"react-remove-scroll@npm:^2.7.2":
  version: 2.7.2
  resolution: "react-remove-scroll@npm:2.7.2"
  dependencies:
    react-remove-scroll-bar: "npm:^2.3.7"
    react-style-singleton: "npm:^2.2.3"
    tslib: "npm:^2.1.0"
    use-callback-ref: "npm:^1.3.3"
    use-sidecar: "npm:^1.1.3"
  peerDependencies:
    "@types/react": "*"
    react: ^16.8.0 || ^17.0.0 || ^18.0.0 || ^19.0.0 || ^19.0.0-rc
  peerDependenciesMeta:
    "@types/react":
      optional: true
  checksum: 10c0/b5f3315bead75e72853f492c0b51ba8fb4fa09a4534d7fc42d6fcd59ca3e047cf213279ffc1e35b337e314ef5a04cb2b12544c85e0078802271731c27c09e5aa
  languageName: node
  linkType: hard

"react-style-singleton@npm:^2.2.2, react-style-singleton@npm:^2.2.3":
  version: 2.2.3
  resolution: "react-style-singleton@npm:2.2.3"
  dependencies:
    get-nonce: "npm:^1.0.0"
    tslib: "npm:^2.0.0"
  peerDependencies:
    "@types/react": "*"
    react: ^16.8.0 || ^17.0.0 || ^18.0.0 || ^19.0.0 || ^19.0.0-rc
  peerDependenciesMeta:
    "@types/react":
      optional: true
  checksum: 10c0/841938ff16d16a6b76895f4cb2e1fea957e5fe3b30febbf03a54892dae1c9153f2383e231dea0b3ba41192ad2f2849448fa859caccd288943bce32639e971bee
  languageName: node
  linkType: hard

"react@npm:^19.0.0":
  version: 19.2.8
  resolution: "react@npm:19.2.8"
  checksum: 10c0/5f86bdb56426652fd6d989d30a6f2e603c057272c47c9ca3a3fbe190a3a39ee9ccce937d63cfc039717abed1b8891d6a499134bc35311acc07eafdacd86537cd
  languageName: node
  linkType: hard

"scheduler@npm:^0.27.0":
  version: 0.27.0
  resolution: "scheduler@npm:0.27.0"
  checksum: 10c0/4f03048cb05a3c8fddc45813052251eca00688f413a3cee236d984a161da28db28ba71bd11e7a3dd02f7af84ab28d39fb311431d3b3772fed557945beb00c452
  languageName: node
  linkType: hard

"semver@npm:^7.8.5":
  version: 7.8.5
  resolution: "semver@npm:7.8.5"
  bin:
    semver: bin/semver.js
  checksum: 10c0/b1f3127a5be8125a94f37188b361c212466c292c6910adce3ec106cff5dc211ccaedc4739c11bb70fda59d6fc1f040a9bca289f4e093451521a2372e5231fe0c
  languageName: node
  linkType: hard

"sharp@npm:^0.34.3 || ^0.35.3":
  version: 0.35.4
  resolution: "sharp@npm:0.35.4"
  dependencies:
    "@img/colour": "npm:^1.1.0"
    "@img/sharp-darwin-arm64": "npm:0.35.4"
    "@img/sharp-darwin-x64": "npm:0.35.4"
    "@img/sharp-freebsd-wasm32": "npm:0.35.4"
    "@img/sharp-libvips-darwin-arm64": "npm:1.3.3"
    "@img/sharp-libvips-darwin-x64": "npm:1.3.3"
    "@img/sharp-libvips-linux-arm": "npm:1.3.3"
    "@img/sharp-libvips-linux-arm64": "npm:1.3.3"
    "@img/sharp-libvips-linux-ppc64": "npm:1.3.3"
    "@img/sharp-libvips-linux-riscv64": "npm:1.3.3"
    "@img/sharp-libvips-linux-s390x": "npm:1.3.3"
    "@img/sharp-libvips-linux-x64": "npm:1.3.3"
    "@img/sharp-libvips-linuxmusl-arm64": "npm:1.3.3"
    "@img/sharp-libvips-linuxmusl-x64": "npm:1.3.3"
    "@img/sharp-linux-arm": "npm:0.35.4"
    "@img/sharp-linux-arm64": "npm:0.35.4"
    "@img/sharp-linux-ppc64": "npm:0.35.4"
    "@img/sharp-linux-riscv64": "npm:0.35.4"
    "@img/sharp-linux-s390x": "npm:0.35.4"
    "@img/sharp-linux-x64": "npm:0.35.4"
    "@img/sharp-linuxmusl-arm64": "npm:0.35.4"
    "@img/sharp-linuxmusl-x64": "npm:0.35.4"
    "@img/sharp-webcontainers-wasm32": "npm:0.35.4"
    "@img/sharp-win32-arm64": "npm:0.35.4"
    "@img/sharp-win32-ia32": "npm:0.35.4"
    "@img/sharp-win32-x64": "npm:0.35.4"
    detect-libc: "npm:^2.1.2"
    semver: "npm:^7.8.5"
  dependenciesMeta:
    "@img/sharp-darwin-arm64":
      optional: true
    "@img/sharp-darwin-x64":
      optional: true
    "@img/sharp-freebsd-wasm32":
      optional: true
    "@img/sharp-libvips-darwin-arm64":
      optional: true
    "@img/sharp-libvips-darwin-x64":
      optional: true
    "@img/sharp-libvips-linux-arm":
      optional: true
    "@img/sharp-libvips-linux-arm64":
      optional: true
    "@img/sharp-libvips-linux-ppc64":
      optional: true
    "@img/sharp-libvips-linux-riscv64":
      optional: true
    "@img/sharp-libvips-linux-s390x":
      optional: true
    "@img/sharp-libvips-linux-x64":
      optional: true
    "@img/sharp-libvips-linuxmusl-arm64":
      optional: true
    "@img/sharp-libvips-linuxmusl-x64":
      optional: true
    "@img/sharp-linux-arm":
      optional: true
    "@img/sharp-linux-arm64":
      optional: true
    "@img/sharp-linux-ppc64":
      optional: true
    "@img/sharp-linux-riscv64":
      optional: true
    "@img/sharp-linux-s390x":
      optional: true
    "@img/sharp-linux-x64":
      optional: true
    "@img/sharp-linuxmusl-arm64":
      optional: true
    "@img/sharp-linuxmusl-x64":
      optional: true
    "@img/sharp-webcontainers-wasm32":
      optional: true
    "@img/sharp-win32-arm64":
      optional: true
    "@img/sharp-win32-ia32":
      optional: true
    "@img/sharp-win32-x64":
      optional: true
  peerDependenciesMeta:
    "@types/node":
      optional: true
  checksum: 10c0/dbcc0909200cbff98e82805c86085b94afbd45f373897a04b21e52e9bbc1671dc64970350dd3cb6b2d0970f3444be7100d728005dc6620e39b599269ed7e15eb
  languageName: node
  linkType: hard

"source-map-js@npm:^1.2.1":
  version: 1.2.1
  resolution: "source-map-js@npm:1.2.1"
  checksum: 10c0/7bda1fc4c197e3c6ff17de1b8b2c20e60af81b63a52cb32ec5a5d67a20a7d42651e2cb34ebe93833c5a2a084377e17455854fee3e21e7925c64a51b6a52b0faf
  languageName: node
  linkType: hard

"styled-jsx@npm:5.1.6":
  version: 5.1.6
  resolution: "styled-jsx@npm:5.1.6"
  dependencies:
    client-only: "npm:0.0.1"
  peerDependencies:
    react: ">= 16.8.0 || 17.x.x || ^18.0.0-0 || ^19.0.0-0"
  peerDependenciesMeta:
    "@babel/core":
      optional: true
    babel-plugin-macros:
      optional: true
  checksum: 10c0/ace50e7ea5ae5ae6a3b65a50994c51fca6ae7df9c7ecfd0104c36be0b4b3a9c5c1a2374d16e2a11e256d0b20be6d47256d768ecb4f91ab390f60752a075780f5
  languageName: node
  linkType: hard

"tslib@npm:^2.0.0, tslib@npm:^2.1.0, tslib@npm:^2.4.0, tslib@npm:^2.8.0":
  version: 2.8.1
  resolution: "tslib@npm:2.8.1"
  checksum: 10c0/9c4759110a19c53f992d9aae23aac5ced636e99887b51b9e61def52611732872ff7668757d4e4c61f19691e36f4da981cd9485e869b4a7408d689f6bf1f14e62
  languageName: node
  linkType: hard

"typescript@npm:^5.7.0":
  version: 5.9.3
  resolution: "typescript@npm:5.9.3"
  bin:
    tsc: bin/tsc
    tsserver: bin/tsserver
  checksum: 10c0/6bd7552ce39f97e711db5aa048f6f9995b53f1c52f7d8667c1abdc1700c68a76a308f579cd309ce6b53646deb4e9a1be7c813a93baaf0a28ccd536a30270e1c5
  languageName: node
  linkType: hard

"typescript@patch:typescript@npm%3A^5.7.0#optional!builtin<compat/typescript>":
  version: 5.9.3
  resolution: "typescript@patch:typescript@npm%3A5.9.3#optional!builtin<compat/typescript>::version=5.9.3&hash=5786d5"
  bin:
    tsc: bin/tsc
    tsserver: bin/tsserver
  checksum: 10c0/ad09fdf7a756814dce65bc60c1657b40d44451346858eea230e10f2e95a289d9183b6e32e5c11e95acc0ccc214b4f36289dcad4bf1886b0adb84d711d336a430
  languageName: node
  linkType: hard

"undici-types@npm:~6.21.0":
  version: 6.21.0
  resolution: "undici-types@npm:6.21.0"
  checksum: 10c0/c01ed51829b10aa72fc3ce64b747f8e74ae9b60eafa19a7b46ef624403508a54c526ffab06a14a26b3120d055e1104d7abe7c9017e83ced038ea5cf52f8d5e04
  languageName: node
  linkType: hard

"use-callback-ref@npm:^1.3.3":
  version: 1.3.3
  resolution: "use-callback-ref@npm:1.3.3"
  dependencies:
    tslib: "npm:^2.0.0"
  peerDependencies:
    "@types/react": "*"
    react: ^16.8.0 || ^17.0.0 || ^18.0.0 || ^19.0.0 || ^19.0.0-rc
  peerDependenciesMeta:
    "@types/react":
      optional: true
  checksum: 10c0/f887488c6e6075cdad4962979da1714b217bcb1ee009a9e57ce9a844bcfc4c3a99e93983dfc2e5af9e0913824d24e730090ff255e902c516dcb58d2d3837e01c
  languageName: node
  linkType: hard

"use-sidecar@npm:^1.1.3":
  version: 1.1.3
  resolution: "use-sidecar@npm:1.1.3"
  dependencies:
    detect-node-es: "npm:^1.1.0"
    tslib: "npm:^2.0.0"
  peerDependencies:
    "@types/react": "*"
    react: ^16.8.0 || ^17.0.0 || ^18.0.0 || ^19.0.0 || ^19.0.0-rc
  peerDependenciesMeta:
    "@types/react":
      optional: true
  checksum: 10c0/161599bf921cfaa41c85d2b01c871975ee99260f3e874c2d41c05890d41170297bdcf314bc5185e7a700de2034ac5b888e3efc8e9f35724f4918f53538d717c9
  languageName: node
  linkType: hard
